<Solution>
  <Project Path="OsuDojo.Application/OsuDojo.Application.csproj" />
  <Project Path="OsuDojo.Exam.Taiko/OsuDojo.Exam.Taiko.csproj" />
  <Project Path="OsuDojo.Exam/OsuDojo.Exam.csproj" />
  <Project Path="OsuDojo.Infrastructure/OsuDojo.Infrastructure.csproj" />
  <Project Path="OsuDojo.Web/OsuDojo.Web.csproj" />
</Solution>
